github.com/alecthomas/kong v0.2.15 h1:HP3K1XuFn0wGSWFGVW67V+65tXw/Ht8FDYiLNAuX2Ug=
github.com/alecthomas/kong v0.2.15/go.mod h1:kQOmtJgV+Lb4aj+I2LEn40cbtawdWJ9Y8QLq+lElKxE=
github.com/davecgh/go-spew v1.1.1 h1:vj9j/u1bqnvCEfJOwUhtlOARqs3+rkHYY13jYWTU97c=
github.com/davecgh/go-spew v1.1.1/go.mod h1:J7Y8YcW2NihsgmVo/mv3lAwl/skON4iLHjSsI+c5H38=
github.com/gentlemanautomaton/signaler v0.0.0-20180126105343-ab8bba8a505a h1:I8BgZ4GS7rz9UeuNQjag0QI4a13H7nZZSOjde0TxmYU=
github.com/gentlemanautomaton/signaler v0.0.0-20180126105343-ab8bba8a505a/go.mod h1:YOqh9ieFYbwuLkFnzcbW3vAnmQF4WybHlGQYd+OlnsY=
github.com/gocarina/gocsv v0.0.0-20201208093247-67c824bc04d4 h1:Q7s2AN3DhFJKOnzO0uTKLhJTfXTEcXcvw5ylf2BHJw4=
github.com/gocarina/gocsv v0.0.0-20201208093247-67c824bc04d4/go.mod h1:5YoVOkjYAQumqlV356Hj3xeYh4BdZuLE0/nRkf2NKkI=
github.com/pkg/errors v0.8.1/go.mod h1:bwawxfHBFNV+L2hUp1rHADufV3IMtnDRdf1r5NINEl0=
github.com/pkg/errors v0.9.1 h1:FEBLx1zS214owpjy7qsBeixbURkuhQAwrK5UwLGTwt4=
github.com/pkg/errors v0.9.1/go.mod h1:bwawxfHBFNV+L2hUp1rHADufV3IMtnDRdf1r5NINEl0=
github.com/pmezard/go-difflib v1.0.0 h1:4DBwDE0NGyQoBHbLQYPwSUPoCMWR5BEzIk/f1lZbAQM=
github.com/pmezard/go-difflib v1.0.0/go.mod h1:iKH77koFhYxTK1pcRnkKkqfTogsbg7gZNVY4sRDYZ/4=
github.com/stretchr/testify v1.2.2 h1:bSDNvY7ZPG5RlJ8otE/7V6gMiyenm9RtJ7IUVIAoJ1w=
github.com/stretchr/testify v1.2.2/go.mod h1:a8OnRcib4nhh0OaRAV+Yts87kKdq0PP7pXfy6kDkUVs=
golang.org/x/sync v0.0.0-20210220032951-036812b2e83c h1:5KslGYwFpkhGh+Q16bwMP3cOontH8FOep7tGV86Y7SQ=
golang.org/x/sync v0.0.0-20210220032951-036812b2e83c/go.mod h1:RxMgew5VJxzue5/jJTE5uejpjVlOe/izrB70Jof72aM=
